// !$*UTF8*$!
{
	archiveVersion = 1;
	classes = {
	};
	objectVersion = 48;
	objects = {

/* Begin PBXGroup section */
		ACD9283E1F4F1EB2004D2CC7 = {
			isa = PBXGroup;
			children = (
			);
			sourceTree = "<group>";
		};
/* End PBXGroup section */

/* Begin PBXProject section */
		ACD9283F1F4F1EB2004D2CC7 /* Project object */ = {
			isa = PBXProject;
			attributes = {
				LastUpgradeCheck = 0900;
			};
			buildConfigurationList = ACD928421F4F1EB3004D2CC7 /* Build configuration list for PBXProject "GLPKFramework" */;
			compatibilityVersion = "Xcode 8.0";
			developmentRegion = en;
			hasScannedForEncodings = 0;
			knownRegions = (
				en,
			);
			mainGroup = ACD9283E1F4F1EB2004D2CC7;
			projectDirPath = "";
			projectRoot = "";
			targets = (
			);
		};
/* End PBXProject section */

/* Begin XCBuildConfiguration section */
		ACD928431F4F1EB3004D2CC7 /* Debug */ = {
			isa = XCBuildConfiguration;
			buildSettings = {
			};
			name = Debug;
		};
		ACD928441F4F1EB3004D2CC7 /* Release */ = {
			isa = XCBuildConfiguration;
			buildSettings = {
			};
			name = Release;
		};
/* End XCBuildConfiguration section */

/* Begin XCConfigurationList section */
		ACD928421F4F1EB3004D2CC7 /* Build configuration list for PBXProject "GLPKFramework" */ = {
			isa = XCConfigurationList;
			buildConfigurations = (
				ACD928431F4F1EB3004D2CC7 /* Debug */,
				ACD928441F4F1EB3004D2CC7 /* Release */,
			);
			defaultConfigurationIsVisible = 0;
			defaultConfigurationName = Release;
		};
/* End XCConfigurationList section */
	};
	rootObject = ACD9283F1F4F1EB2004D2CC7 /* Project object */;
}
